# @generated - this file is auto-generated by `mise lock` https://mise.en.dev/dev-tools/mise-lock.html

[[tools.android-sdk]]
version = "22.0"
backend = "vfox:mise-plugins/vfox-android-sdk"

[tools.android-sdk."platforms.linux-arm64"]
url = "https://dl.google.com/android/repository/commandlinetools-linux-15859902_latest.zip"

[tools.android-sdk."platforms.linux-x64"]
url = "https://dl.google.com/android/repository/commandlinetools-linux-15859902_latest.zip"

[tools.android-sdk."platforms.macos-arm64"]
url = "https://dl.google.com/android/repository/commandlinetools-mac_arm64-15859902_latest.zip"

[tools.android-sdk."platforms.windows-arm64"]
url = "https://dl.google.com/android/repository/commandlinetools-win-15859902_latest.zip"

[tools.android-sdk."platforms.windows-x64"]
url = "https://dl.google.com/android/repository/commandlinetools-win-15859902_latest.zip"
