# @generated - this file is auto-generated by `mise lock` https://mise.en.dev/dev-tools/mise-lock.html

[[tools.emsdk]]
version = "4.0.10"
backend = "vfox:emsdk"

[tools.emsdk."platforms.linux-arm64"]
url = "https://github.com/emscripten-core/emsdk/archive/refs/heads/main.tar.gz"

[tools.emsdk."platforms.linux-x64"]
url = "https://github.com/emscripten-core/emsdk/archive/refs/heads/main.tar.gz"

[tools.emsdk."platforms.macos-arm64"]
url = "https://github.com/emscripten-core/emsdk/archive/refs/heads/main.tar.gz"

[tools.emsdk."platforms.windows-arm64"]
url = "https://github.com/emscripten-core/emsdk/archive/refs/heads/main.tar.gz"

[tools.emsdk."platforms.windows-x64"]
url = "https://github.com/emscripten-core/emsdk/archive/refs/heads/main.tar.gz"
