# @generated - this file is auto-generated by `mise lock` https://mise.en.dev/dev-tools/mise-lock.html

[[tools."aqua:XcodesOrg/xcodes"]]
version = "1.6.2"
backend = "aqua:XcodesOrg/xcodes"

[tools."aqua:XcodesOrg/xcodes"."platforms.macos-arm64"]
checksum = "sha256:32819bc113e7c9bd8f80be7763d91238b199d589c777a0e88652d7fb9d30e707"
url = "https://github.com/XcodesOrg/xcodes/releases/download/1.6.2/xcodes.zip"

[[tools."aqua:apple/pkl"]]
version = "0.31.0"
backend = "aqua:apple/pkl"

[tools."aqua:apple/pkl"."platforms.linux-arm64"]
checksum = "sha256:471460cdd11e1cb9ac0a5401fdb05277ae3adb3a4573cc0a9c63ee087c1f93c8"
url = "https://github.com/apple/pkl/releases/download/0.31.0/pkl-linux-aarch64"

[tools."aqua:apple/pkl"."platforms.linux-x64"]
checksum = "sha256:5a5c2a889b68ca92ff4258f9d277f92412b98dfef5057daef7564202a20870b6"
url = "https://github.com/apple/pkl/releases/download/0.31.0/pkl-linux-amd64"

[tools."aqua:apple/pkl"."platforms.macos-arm64"]
checksum = "sha256:349402ae32c35382c034b0c0af744ffb0d53a213888c44deec94a7810e144889"
url = "https://github.com/apple/pkl/releases/download/0.31.0/pkl-macos-aarch64"

[tools."aqua:apple/pkl"."platforms.windows-x64"]
checksum = "sha256:37d35ce8a165766502fb13799071d4cefa84d39fb455c75c471b47b9b5d12b04"
url = "https://github.com/apple/pkl/releases/download/0.31.0/pkl-windows-amd64.exe"

[[tools."aqua:astral-sh/uv"]]
version = "0.11.11"
backend = "aqua:astral-sh/uv"

[tools."aqua:astral-sh/uv"."platforms.linux-arm64"]
checksum = "sha256:0fc9a49b3900f77ffaccf3ff69a70ddbc1d479e70ac5d8fd6416a7577b03c5a1"
url = "https://github.com/astral-sh/uv/releases/download/0.11.11/uv-aarch64-unknown-linux-musl.tar.gz"
provenance = "github-attestations"

[tools."aqua:astral-sh/uv"."platforms.linux-x64"]
checksum = "sha256:80521f18ba83109acd17e0730bd8ff898c3426aa62252c627d63418b353e788a"
url = "https://github.com/astral-sh/uv/releases/download/0.11.11/uv-x86_64-unknown-linux-musl.tar.gz"
provenance = "github-attestations"

[tools."aqua:astral-sh/uv"."platforms.macos-arm64"]
checksum = "sha256:3a185bf8f46a7b7c8b910d111825907b1638d0ae503cb3c333ae205772354046"
url = "https://github.com/astral-sh/uv/releases/download/0.11.11/uv-aarch64-apple-darwin.tar.gz"
provenance = "github-attestations"

[tools."aqua:astral-sh/uv"."platforms.windows-x64"]
checksum = "sha256:2f75a0db2c3530b6b3c24434dc38137f61ff1f4e5f2d7b4ddc5bcd142cf58b65"
url = "https://github.com/astral-sh/uv/releases/download/0.11.11/uv-x86_64-pc-windows-msvc.zip"
provenance = "github-attestations"

[[tools."aqua:dprint/dprint"]]
version = "0.53.2"
backend = "aqua:dprint/dprint"

[tools."aqua:dprint/dprint"."platforms.linux-arm64"]
checksum = "sha256:c3843a4604dac7428f41f762c4c352e409c63bd634172765bbac482dc59773ba"
url = "https://github.com/dprint/dprint/releases/download/0.53.2/dprint-aarch64-unknown-linux-musl.zip"

[tools."aqua:dprint/dprint"."platforms.linux-x64"]
checksum = "sha256:7ff2cf9b25c687bd59867528ae9a5526c17e75e82e9788bf1f84a0e3ca7163b6"
url = "https://github.com/dprint/dprint/releases/download/0.53.2/dprint-x86_64-unknown-linux-musl.zip"

[tools."aqua:dprint/dprint"."platforms.macos-arm64"]
checksum = "sha256:a185ba53f74e1e3a8ccdaf03a5d6f96b67d3fdf3f86d0d0f98950d15817eb0c4"
url = "https://github.com/dprint/dprint/releases/download/0.53.2/dprint-aarch64-apple-darwin.zip"

[tools."aqua:dprint/dprint"."platforms.windows-x64"]
checksum = "sha256:f18910879d6796b05b0666513391ab7963b346723c041dc4d777d3f43179e416"
url = "https://github.com/dprint/dprint/releases/download/0.53.2/dprint-x86_64-pc-windows-msvc.zip"

[[tools."aqua:facebook/ktfmt"]]
version = "0.62"
backend = "aqua:facebook/ktfmt"

[tools."aqua:facebook/ktfmt"."platforms.linux-arm64"]
checksum = "sha256:f39bf9a1f520d27f86f2bdf4d6dbb2574c05e84f656171ed65c4e534b86b9965"
url = "https://github.com/facebook/ktfmt/releases/download/v0.62/ktfmt-0.62-with-dependencies.jar"

[tools."aqua:facebook/ktfmt"."platforms.linux-x64"]
checksum = "sha256:f39bf9a1f520d27f86f2bdf4d6dbb2574c05e84f656171ed65c4e534b86b9965"
url = "https://github.com/facebook/ktfmt/releases/download/v0.62/ktfmt-0.62-with-dependencies.jar"

[tools."aqua:facebook/ktfmt"."platforms.macos-arm64"]
checksum = "sha256:f39bf9a1f520d27f86f2bdf4d6dbb2574c05e84f656171ed65c4e534b86b9965"
url = "https://github.com/facebook/ktfmt/releases/download/v0.62/ktfmt-0.62-with-dependencies.jar"

[tools."aqua:facebook/ktfmt"."platforms.windows-x64"]
checksum = "sha256:f39bf9a1f520d27f86f2bdf4d6dbb2574c05e84f656171ed65c4e534b86b9965"
url = "https://github.com/facebook/ktfmt/releases/download/v0.62/ktfmt-0.62-with-dependencies.jar"

[[tools."aqua:jdx/hk"]]
version = "1.45.0"
backend = "aqua:jdx/hk"

[tools."aqua:jdx/hk"."platforms.linux-arm64"]
checksum = "sha256:22293f9c742f0def32299689022891ced7c5c9d5024c91afd33a83e6f714686c"
url = "https://github.com/jdx/hk/releases/download/v1.45.0/hk-aarch64-unknown-linux-gnu.tar.gz"

[tools."aqua:jdx/hk"."platforms.linux-x64"]
checksum = "sha256:47a3338403f689cc295d36213cfede4e1098c335d18064416ea9ac2b9739c148"
url = "https://github.com/jdx/hk/releases/download/v1.45.0/hk-x86_64-unknown-linux-gnu.tar.gz"

[tools."aqua:jdx/hk"."platforms.macos-arm64"]
checksum = "sha256:17bd1d9eccbfc894c4b0191871a964dc67df80c1bfbee072e5c12d4bb893a8a6"
url = "https://github.com/jdx/hk/releases/download/v1.45.0/hk-aarch64-apple-darwin.tar.gz"

[tools."aqua:jdx/hk"."platforms.windows-x64"]
checksum = "sha256:94c7c460d05748524a96583b656e8dec31a11a30ce6a997b9a5b5d8ec4d1b7e7"
url = "https://github.com/jdx/hk/releases/download/v1.45.0/hk-x86_64-pc-windows-msvc.zip"

[[tools."aqua:jdx/usage"]]
version = "3.3.0"
backend = "aqua:jdx/usage"

[tools."aqua:jdx/usage"."platforms.linux-arm64"]
checksum = "sha256:55a0c94c35bb9e2c5cbc223973667cd450759cd3410d4c5836ef2fdfd95adc57"
url = "https://github.com/jdx/usage/releases/download/v3.3.0/usage-aarch64-unknown-linux-musl.tar.gz"

[tools."aqua:jdx/usage"."platforms.linux-x64"]
checksum = "sha256:9a4316d633243aa54308ff3bf6970923b18c105dea34fbc3009d51889e1dd03f"
url = "https://github.com/jdx/usage/releases/download/v3.3.0/usage-x86_64-unknown-linux-musl.tar.gz"

[tools."aqua:jdx/usage"."platforms.macos-arm64"]
checksum = "sha256:ab6c69a6541e18ffca7bd950dd4cc867ea9267d0f91115c13aa650cde6634d62"
url = "https://github.com/jdx/usage/releases/download/v3.3.0/usage-universal-apple-darwin.tar.gz"

[tools."aqua:jdx/usage"."platforms.windows-x64"]
checksum = "sha256:628b8743d552f2cff2dee2b783a4827ef555409def3fb9ec536117d96cda2018"
url = "https://github.com/jdx/usage/releases/download/v3.3.0/usage-x86_64-pc-windows-msvc.zip"

[[tools."aqua:koalaman/shellcheck"]]
version = "0.11.0"
backend = "aqua:koalaman/shellcheck"

[tools."aqua:koalaman/shellcheck"."platforms.linux-arm64"]
checksum = "sha256:12b331c1d2db6b9eb13cfca64306b1b157a86eb69db83023e261eaa7e7c14588"
url = "https://github.com/koalaman/shellcheck/releases/download/v0.11.0/shellcheck-v0.11.0.linux.aarch64.tar.xz"

[tools."aqua:koalaman/shellcheck"."platforms.linux-x64"]
checksum = "sha256:8c3be12b05d5c177a04c29e3c78ce89ac86f1595681cab149b65b97c4e227198"
url = "https://github.com/koalaman/shellcheck/releases/download/v0.11.0/shellcheck-v0.11.0.linux.x86_64.tar.xz"

[tools."aqua:koalaman/shellcheck"."platforms.macos-arm64"]
checksum = "sha256:56affdd8de5527894dca6dc3d7e0a99a873b0f004d7aabc30ae407d3f48b0a79"
url = "https://github.com/koalaman/shellcheck/releases/download/v0.11.0/shellcheck-v0.11.0.darwin.aarch64.tar.xz"

[tools."aqua:koalaman/shellcheck"."platforms.windows-x64"]
checksum = "sha256:8a4e35ab0b331c85d73567b12f2a444df187f483e5079ceffa6bda1faa2e740e"
url = "https://github.com/koalaman/shellcheck/releases/download/v0.11.0/shellcheck-v0.11.0.zip"

[[tools."aqua:pnpm/pnpm"]]
version = "10.33.2"
backend = "aqua:pnpm/pnpm"

[tools."aqua:pnpm/pnpm"."platforms.linux-arm64"]
checksum = "sha256:0828e5ee23be89d22bd53cc36e93c181ce9d5c47d75f9fe9bf4bdc7a65c66322"
url = "https://github.com/pnpm/pnpm/releases/download/v10.33.2/pnpm-linux-arm64"

[tools."aqua:pnpm/pnpm"."platforms.linux-x64"]
checksum = "sha256:39d7b6600239712bc9581ea219b17ffef46ba60998779cb717be2e068be029ef"
url = "https://github.com/pnpm/pnpm/releases/download/v10.33.2/pnpm-linux-x64"

[tools."aqua:pnpm/pnpm"."platforms.macos-arm64"]
checksum = "sha256:a99a4d5d0e6bd3728949c24ff74a2f2f2d07f73bc48fd308e4eea75d8e72acdc"
url = "https://github.com/pnpm/pnpm/releases/download/v10.33.2/pnpm-macos-arm64"

[tools."aqua:pnpm/pnpm"."platforms.windows-x64"]
checksum = "sha256:3d1af71e9da7081efd58f95942e1f7e2107bf8fcdae03eb2331c0b6cea59510b"
url = "https://github.com/pnpm/pnpm/releases/download/v10.33.2/pnpm-win-x64.exe"

[[tools."aqua:rhysd/actionlint"]]
version = "1.7.8"
backend = "aqua:rhysd/actionlint"

[tools."aqua:rhysd/actionlint"."platforms.linux-arm64"]
checksum = "sha256:4c65dbb2d59b409cdd75d47ffa8fa32af8f0eee573ac510468dc2275c48bf07c"
url = "https://github.com/rhysd/actionlint/releases/download/v1.7.8/actionlint_1.7.8_linux_arm64.tar.gz"

[tools."aqua:rhysd/actionlint"."platforms.linux-x64"]
checksum = "sha256:be92c2652ab7b6d08425428797ceabeb16e31a781c07bc388456b4e592f3e36a"
url = "https://github.com/rhysd/actionlint/releases/download/v1.7.8/actionlint_1.7.8_linux_amd64.tar.gz"

[tools."aqua:rhysd/actionlint"."platforms.macos-arm64"]
checksum = "sha256:ffb1f6c429a51dc9f37af9d11f96c16bd52f54b713bf7f8bd92f7fce9fd4284a"
url = "https://github.com/rhysd/actionlint/releases/download/v1.7.8/actionlint_1.7.8_darwin_arm64.tar.gz"

[tools."aqua:rhysd/actionlint"."platforms.windows-x64"]
checksum = "sha256:8cae2385eb69b93084ea2e6a4bce57233feb56ab16b3087bea25cbc0abadb0cc"
url = "https://github.com/rhysd/actionlint/releases/download/v1.7.8/actionlint_1.7.8_windows_amd64.zip"

[[tools.dotnet]]
version = "10.0.203"
backend = "core:dotnet"

[[tools."github:cmakefmt/cmakefmt"]]
version = "1.3.0"
backend = "github:cmakefmt/cmakefmt"

[tools."github:cmakefmt/cmakefmt"."platforms.linux-arm64"]
checksum = "sha256:85363f90d90939dd846fdc6ef65feb9ba1b6777a5733118a2e83781c896564bb"
url = "https://github.com/cmakefmt/cmakefmt/releases/download/v1.3.0/cmakefmt-1.3.0-aarch64-unknown-linux-gnu.tar.gz"
url_api = "https://api.github.com/repos/cmakefmt/cmakefmt/releases/assets/405499421"
provenance = "github-attestations"

[tools."github:cmakefmt/cmakefmt"."platforms.linux-x64"]
checksum = "sha256:c914aebe64d0b3d2cfb82bf91bf9c2a7df6a73f69b42f01cd659e634935c1cae"
url = "https://github.com/cmakefmt/cmakefmt/releases/download/v1.3.0/cmakefmt-1.3.0-x86_64-unknown-linux-gnu.tar.gz"
url_api = "https://api.github.com/repos/cmakefmt/cmakefmt/releases/assets/405499413"
provenance = "github-attestations"

[tools."github:cmakefmt/cmakefmt"."platforms.macos-arm64"]
checksum = "sha256:7c87caaa045eca0fa748378cc42c60045106021eb8f65f54fccccdb318dcf8c8"
url = "https://github.com/cmakefmt/cmakefmt/releases/download/v1.3.0/cmakefmt-1.3.0-aarch64-apple-darwin.tar.gz"
url_api = "https://api.github.com/repos/cmakefmt/cmakefmt/releases/assets/405499422"
provenance = "github-attestations"

[tools."github:cmakefmt/cmakefmt"."platforms.windows-x64"]
checksum = "sha256:f036bdf5c712ec0ad7e1842cadb9d7c509f45bd05ecb9de5f4de067bbaab6eb4"
url = "https://github.com/cmakefmt/cmakefmt/releases/download/v1.3.0/cmakefmt-1.3.0-x86_64-pc-windows-msvc.zip"
url_api = "https://api.github.com/repos/cmakefmt/cmakefmt/releases/assets/405499418"
provenance = "github-attestations"

[[tools."github:google/google-java-format"]]
version = "1.35.0"
backend = "github:google/google-java-format"

[tools."github:google/google-java-format"."platforms.linux-arm64"]
checksum = "sha256:a69b2e85deb681f3eae4c946b948908e162e76ef27d752fa31830866dd7aa764"
url = "https://github.com/google/google-java-format/releases/download/v1.35.0/google-java-format_linux-arm64"
url_api = "https://api.github.com/repos/google/google-java-format/releases/assets/365933462"

[tools."github:google/google-java-format"."platforms.linux-x64"]
checksum = "sha256:e0f95ad6d26b8fbd5b1e3fd3014f8306c4eb3b29d2a6b15fab62d0a364629437"
url = "https://github.com/google/google-java-format/releases/download/v1.35.0/google-java-format_linux-x86-64"
url_api = "https://api.github.com/repos/google/google-java-format/releases/assets/365933717"

[tools."github:google/google-java-format"."platforms.macos-arm64"]
checksum = "sha256:563f066c324687885b5f4039325f8952fbb9aaf3d67c68e0b2eafccc8069d3b8"
url = "https://github.com/google/google-java-format/releases/download/v1.35.0/google-java-format_darwin-arm64"
url_api = "https://api.github.com/repos/google/google-java-format/releases/assets/365933286"

[tools."github:google/google-java-format"."platforms.windows-x64"]
checksum = "sha256:2451e70f7805ce51dc026c0ca6b76b689b20c99c5e5769412ae5235f59f3a427"
url = "https://github.com/google/google-java-format/releases/download/v1.35.0/google-java-format_windows-x86-64.exe"
url_api = "https://api.github.com/repos/google/google-java-format/releases/assets/365934498"

[[tools."github:nicklockwood/SwiftFormat"]]
version = "0.61.1"
backend = "github:nicklockwood/SwiftFormat"

[tools."github:nicklockwood/SwiftFormat"."platforms.linux-arm64"]
checksum = "sha256:42a35b557a6d56975fba3a48e78d39ab5388c8faac65d4819f25d3e20c7504c0"
url = "https://github.com/nicklockwood/SwiftFormat/releases/download/0.61.1/swiftformat_linux_aarch64.zip"
url_api = "https://api.github.com/repos/nicklockwood/SwiftFormat/releases/assets/406639845"

[tools."github:nicklockwood/SwiftFormat"."platforms.linux-x64"]
checksum = "sha256:7bc8706e3fd51963f1f29eb99098ebdf482f3497fa527c68e6cf75cbee29c77a"
url = "https://github.com/nicklockwood/SwiftFormat/releases/download/0.61.1/swiftformat_linux.zip"
url_api = "https://api.github.com/repos/nicklockwood/SwiftFormat/releases/assets/406639796"

[tools."github:nicklockwood/SwiftFormat"."platforms.macos-arm64"]
checksum = "sha256:92f6417197ace057f81563cd9fd8eb5428462013aa5ec5ee12f4a88331f9b7c3"
url = "https://github.com/nicklockwood/SwiftFormat/releases/download/0.61.1/SwiftFormat.for.Xcode.app.zip"
url_api = "https://api.github.com/repos/nicklockwood/SwiftFormat/releases/assets/406642771"

[tools."github:nicklockwood/SwiftFormat"."platforms.windows-x64"]
checksum = "sha256:709779781c37d0f4020b5e3fa8ade4070340c37b980f3826b84d61c35ccb6a25"
url = "https://github.com/nicklockwood/SwiftFormat/releases/download/0.61.1/SwiftFormat.amd64.msi"
url_api = "https://api.github.com/repos/nicklockwood/SwiftFormat/releases/assets/406642521"

[[tools."github:prefix-dev/pixi"]]
version = "0.68.1"
backend = "github:prefix-dev/pixi"

[tools."github:prefix-dev/pixi"."platforms.linux-arm64"]
checksum = "sha256:b2b21272578600086e92f4e1d0e42cb7409c8e541688b9ea61aed7dd6a07a5ad"
url = "https://github.com/prefix-dev/pixi/releases/download/v0.68.1/pixi-aarch64-unknown-linux-musl.tar.gz"
url_api = "https://api.github.com/repos/prefix-dev/pixi/releases/assets/418286905"

[tools."github:prefix-dev/pixi"."platforms.linux-arm64".provenance.slsa]
url = "https://github.com/prefix-dev/pixi/releases/download/v0.68.1/attestations-aarch64-unknown-linux-musl.intoto.jsonl"

[tools."github:prefix-dev/pixi"."platforms.linux-x64"]
checksum = "sha256:f61a9546898cc1caad1956d1b5bba0408de5a24854b648631c0b49555520ed42"
url = "https://github.com/prefix-dev/pixi/releases/download/v0.68.1/pixi-x86_64-unknown-linux-musl.tar.gz"
url_api = "https://api.github.com/repos/prefix-dev/pixi/releases/assets/418286974"

[tools."github:prefix-dev/pixi"."platforms.linux-x64".provenance.slsa]
url = "https://github.com/prefix-dev/pixi/releases/download/v0.68.1/attestations-x86_64-unknown-linux-musl.intoto.jsonl"

[tools."github:prefix-dev/pixi"."platforms.macos-arm64"]
checksum = "sha256:31a15146f404230858a7a921b1eb76db894e1ec8b99e37efe6aeac2984af92a2"
url = "https://github.com/prefix-dev/pixi/releases/download/v0.68.1/pixi-aarch64-apple-darwin.tar.gz"
url_api = "https://api.github.com/repos/prefix-dev/pixi/releases/assets/418286876"

[tools."github:prefix-dev/pixi"."platforms.macos-arm64".provenance.slsa]
url = "https://github.com/prefix-dev/pixi/releases/download/v0.68.1/attestations-aarch64-apple-darwin.intoto.jsonl"

[tools."github:prefix-dev/pixi"."platforms.windows-x64"]
checksum = "sha256:71de85bd7cbf645f43a7381f1396e35a6764d508668785a46dd88d67323745b3"
url = "https://github.com/prefix-dev/pixi/releases/download/v0.68.1/pixi-x86_64-pc-windows-msvc.zip"
url_api = "https://api.github.com/repos/prefix-dev/pixi/releases/assets/418286950"

[tools."github:prefix-dev/pixi"."platforms.windows-x64".provenance.slsa]
url = "https://github.com/prefix-dev/pixi/releases/download/v0.68.1/attestations-x86_64-pc-windows-msvc.intoto.jsonl"

[[tools."github:sargunv/jvl"]]
version = "2026.05.03"
backend = "github:sargunv/jvl"

[tools."github:sargunv/jvl"."platforms.linux-arm64"]
checksum = "sha256:0c4ccd104374fe4c918138dd3c2c523cbec4e35e20e8a132d3d0e2d3777b335f"
url = "https://github.com/sargunv/jvl/releases/download/v2026.05.03/jvl-aarch64-unknown-linux-musl.tar.gz"
url_api = "https://api.github.com/repos/sargunv/jvl/releases/assets/411400579"

[tools."github:sargunv/jvl"."platforms.linux-x64"]
checksum = "sha256:dc8ffce4bf652742f944f53f759b77acf9f3fb556230de7c4e5564619ff41ac6"
url = "https://github.com/sargunv/jvl/releases/download/v2026.05.03/jvl-x86_64-unknown-linux-musl.tar.gz"
url_api = "https://api.github.com/repos/sargunv/jvl/releases/assets/411400580"

[tools."github:sargunv/jvl"."platforms.macos-arm64"]
checksum = "sha256:d0085ecd250c56a65cc33aa371d59ecf856e7e338960f3e80cb1a953ff2d8c7d"
url = "https://github.com/sargunv/jvl/releases/download/v2026.05.03/jvl-aarch64-apple-darwin.tar.gz"
url_api = "https://api.github.com/repos/sargunv/jvl/releases/assets/411400582"

[tools."github:sargunv/jvl"."platforms.windows-x64"]
checksum = "sha256:adf29d4f9ff98b21492590d8887689093ea521792dbbbe80e032eb6ec37149e9"
url = "https://github.com/sargunv/jvl/releases/download/v2026.05.03/jvl-x86_64-pc-windows-msvc.zip"
url_api = "https://api.github.com/repos/sargunv/jvl/releases/assets/411400578"

[[tools.go]]
version = "1.26.3"
backend = "core:go"

[tools.go."platforms.linux-arm64"]
checksum = "sha256:9d89a3ea57d141c2b22d70083f2c8459ba3890f2d9e818e7e933b75614936565"
url = "https://dl.google.com/go/go1.26.3.linux-arm64.tar.gz"

[tools.go."platforms.linux-x64"]
checksum = "sha256:2b2cfc7148493da5e73981bffbf3353af381d5f93e789c82c79aff64962eb556"
url = "https://dl.google.com/go/go1.26.3.linux-amd64.tar.gz"

[tools.go."platforms.macos-arm64"]
checksum = "sha256:875cf54a15311eee2c99b9dd67c68c4a49351d489ab622bf2cfd28c8f2078d3c"
url = "https://dl.google.com/go/go1.26.3.darwin-arm64.tar.gz"

[tools.go."platforms.windows-x64"]
checksum = "sha256:20d2ceafb4ed41b96b879010927b28bc92a5be57a7c1801ce365a9ca51d3224a"
url = "https://dl.google.com/go/go1.26.3.windows-amd64.zip"

[[tools.java]]
version = "temurin-25.0.3+9.0.LTS"
backend = "core:java"

[tools.java."platforms.linux-arm64"]
checksum = "sha256:3e4287cb98870ba824ed698854bdc27cff984254caf66dd12cc291e7bfdde26b"
url = "https://github.com/adoptium/temurin25-binaries/releases/download/jdk-25.0.3%2B9/OpenJDK25U-jdk_aarch64_linux_hotspot_25.0.3_9.tar.gz"

[tools.java."platforms.linux-x64"]
checksum = "sha256:69264a7a211bf5029830d07bc3370f879769d62ebc5b5488e90c9343a2da0e1f"
url = "https://github.com/adoptium/temurin25-binaries/releases/download/jdk-25.0.3%2B9/OpenJDK25U-jdk_x64_linux_hotspot_25.0.3_9.tar.gz"

[tools.java."platforms.macos-arm64"]
checksum = "sha256:7baab4d69a15554e119b86ff78d40e3fdc28819b5b322955c913cebfe3f6a37c"
url = "https://github.com/adoptium/temurin25-binaries/releases/download/jdk-25.0.3%2B9/OpenJDK25U-jdk_aarch64_mac_hotspot_25.0.3_9.tar.gz"

[tools.java."platforms.windows-x64"]
checksum = "sha256:709312cd0420296d9b9de917fe6e28a5b979e875ee5ab91783fb79bcd5857235"
url = "https://github.com/adoptium/temurin25-binaries/releases/download/jdk-25.0.3%2B9/OpenJDK25U-jdk_x64_windows_hotspot_25.0.3_9.zip"

[[tools.node]]
version = "24.11.0"
backend = "core:node"

[tools.node."platforms.linux-arm64"]
checksum = "sha256:4786d00c4d259d3ff0b2328307f764ef3ced65f2d6e9502d433e68d66238509d"
url = "https://nodejs.org/dist/v24.11.0/node-v24.11.0-linux-arm64.tar.gz"

[tools.node."platforms.linux-x64"]
checksum = "sha256:b3c071cdf47aab867c3b2aa287257df12ec5d7c962bf922b32fd33226c4295fd"
url = "https://nodejs.org/dist/v24.11.0/node-v24.11.0-linux-x64.tar.gz"

[tools.node."platforms.macos-arm64"]
checksum = "sha256:0be2ab2816a4fa02d1acff014a434f29f56d8d956f5af6a98b70ced6c5f4d201"
url = "https://nodejs.org/dist/v24.11.0/node-v24.11.0-darwin-arm64.tar.gz"

[tools.node."platforms.windows-x64"]
checksum = "sha256:1054540bce22b54ec7e50ebc078ec5d090700a77657607a58f6a64df21f49fdd"
url = "https://nodejs.org/dist/v24.11.0/node-v24.11.0-win-x64.zip"

[[tools.python]]
version = "3.14.4"
backend = "core:python"

[tools.python."platforms.linux-arm64"]
checksum = "sha256:b8b597fdb2f8dccdc502c11947b60a4b65eb6bce79cfa60c7ccf9b6e8352c60a"
url = "https://github.com/astral-sh/python-build-standalone/releases/download/20260414/cpython-3.14.4+20260414-aarch64-unknown-linux-gnu-install_only_stripped.tar.gz"
provenance = "github-attestations"

[tools.python."platforms.linux-x64"]
checksum = "sha256:fe9a9c32d13870af632cbac3dfc7528ae53597e94472aa4c7d6a42e8166136cd"
url = "https://github.com/astral-sh/python-build-standalone/releases/download/20260414/cpython-3.14.4+20260414-x86_64-unknown-linux-gnu-install_only_stripped.tar.gz"
provenance = "github-attestations"

[tools.python."platforms.macos-arm64"]
checksum = "sha256:6f304f4ec30854611f23316578302235fb517cd970519ecdd11a8c4db87fd843"
url = "https://github.com/astral-sh/python-build-standalone/releases/download/20260414/cpython-3.14.4+20260414-aarch64-apple-darwin-install_only_stripped.tar.gz"
provenance = "github-attestations"

[tools.python."platforms.windows-x64"]
checksum = "sha256:a976991dcd085c1bb5d9a8084823a6bc8b7f9b079d8c432574a6ddd68c3a6fe1"
url = "https://github.com/astral-sh/python-build-standalone/releases/download/20260414/cpython-3.14.4+20260414-x86_64-pc-windows-msvc-install_only_stripped.tar.gz"
provenance = "github-attestations"

[[tools.rust]]
version = "1.95.0"
backend = "core:rust"

[[tools.swift]]
version = "6.3.1"
backend = "core:swift"

[tools.swift."platforms.macos-arm64"]
checksum = "blake3:7c85377fa6d9bdbeec3f6724522835c59d31483906d5bee41ec41807eff0ab00"

[[tools.zig]]
version = "0.16.0"
backend = "core:zig"

[tools.zig."platforms.linux-arm64"]
checksum = "sha256:ea4b09bfb22ec6f6c6ceac57ab63efb6b46e17ab08d21f69f3a48b38e1534f17"
url = "https://ziglang.org/download/0.16.0/zig-aarch64-linux-0.16.0.tar.xz"
provenance = "minisign"

[tools.zig."platforms.linux-x64"]
checksum = "sha256:70e49664a74374b48b51e6f3fdfbf437f6395d42509050588bd49abe52ba3d00"
url = "https://ziglang.org/download/0.16.0/zig-x86_64-linux-0.16.0.tar.xz"
provenance = "minisign"

[tools.zig."platforms.macos-arm64"]
checksum = "sha256:b23d70deaa879b5c2d486ed3316f7eaa53e84acf6fc9cc747de152450d401489"
url = "https://ziglang.org/download/0.16.0/zig-aarch64-macos-0.16.0.tar.xz"

[tools.zig."platforms.windows-x64"]
checksum = "sha256:68659eb5f1e4eb1437a722f1dd889c5a322c9954607f5edcf337bc3684a75a7e"
url = "https://ziglang.org/download/0.16.0/zig-x86_64-windows-0.16.0.zip"
