# @generated - this file is auto-generated by `mise lock` https://mise.en.dev/dev-tools/mise-lock.html

[conda-packages.linux-arm64."_openmp_mutex-4.5-20_gnu"]
url = "https://conda.anaconda.org/conda-forge/linux-aarch64/_openmp_mutex-4.5-20_gnu.conda"
checksum = "sha256:a2527b1d81792a0ccd2c05850960df119c2b6d8f5fdec97f2db7d25dc23b1068"

[conda-packages.linux-arm64."libgcc-15.2.0-h8acb6b2_19"]
url = "https://conda.anaconda.org/conda-forge/linux-aarch64/libgcc-15.2.0-h8acb6b2_19.conda"
checksum = "sha256:4592b096e553f67799ae70d4b6167eeda3ec74587d68c7aecbf4e7b1df136681"

[conda-packages.linux-arm64."libgomp-15.2.0-h8acb6b2_19"]
url = "https://conda.anaconda.org/conda-forge/linux-aarch64/libgomp-15.2.0-h8acb6b2_19.conda"
checksum = "sha256:2370ef0ffcbae5bede3c4bf136add4abc257245eb91f724c99bb4a43116c5a83"

[conda-packages.linux-arm64."libiconv-1.18-h90929bb_2"]
url = "https://conda.anaconda.org/conda-forge/linux-aarch64/libiconv-1.18-h90929bb_2.conda"
checksum = "sha256:1473451cd282b48d24515795a595801c9b65b567fe399d7e12d50b2d6cdb04d9"

[conda-packages.linux-arm64."libstdcxx-15.2.0-hef695bb_19"]
url = "https://conda.anaconda.org/conda-forge/linux-aarch64/libstdcxx-15.2.0-hef695bb_19.conda"
checksum = "sha256:1dadc45e599f510dd5f97141dddcdbb9844d9f1430c1f3a38075cf1c58f87b4e"

[conda-packages.linux-x64."_openmp_mutex-4.5-20_gnu"]
url = "https://conda.anaconda.org/conda-forge/linux-64/_openmp_mutex-4.5-20_gnu.conda"
checksum = "sha256:1dd3fffd892081df9726d7eb7e0dea6198962ba775bd88842135a4ddb4deb3c9"

[conda-packages.linux-x64."libgcc-15.2.0-he0feb66_19"]
url = "https://conda.anaconda.org/conda-forge/linux-64/libgcc-15.2.0-he0feb66_19.conda"
checksum = "sha256:8e0a3b5e41272e5678499b5dfc4cddb673f9e935de01eb0767ce857001229f46"

[conda-packages.linux-x64."libgomp-15.2.0-he0feb66_19"]
url = "https://conda.anaconda.org/conda-forge/linux-64/libgomp-15.2.0-he0feb66_19.conda"
checksum = "sha256:5abe4ab9d93f6c9757d654f1969ae2267d4505315c1f2f8fe705fd60af084f1b"

[conda-packages.linux-x64."libiconv-1.18-h3b78370_2"]
url = "https://conda.anaconda.org/conda-forge/linux-64/libiconv-1.18-h3b78370_2.conda"
checksum = "sha256:c467851a7312765447155e071752d7bf9bf44d610a5687e32706f480aad2833f"

[conda-packages.linux-x64."libstdcxx-15.2.0-h934c35e_19"]
url = "https://conda.anaconda.org/conda-forge/linux-64/libstdcxx-15.2.0-h934c35e_19.conda"
checksum = "sha256:dff1058c76ec6b8759e41cefa2508162d00e4a5e6721aa68ec3fd10094e702dc"

[conda-packages.macos-arm64."libcxx-22.1.8-h55c6f16_0"]
url = "https://conda.anaconda.org/conda-forge/osx-arm64/libcxx-22.1.8-h55c6f16_0.conda"
checksum = "sha256:a2e7abab5add9750fab064c024394de48e49f97631c605ad5db5c8ac3fc769ef"

[conda-packages.macos-arm64."libiconv-1.18-h23cfdf5_2"]
url = "https://conda.anaconda.org/conda-forge/osx-arm64/libiconv-1.18-h23cfdf5_2.conda"
checksum = "sha256:de0336e800b2af9a40bdd694b03870ac4a848161b35c8a2325704f123f185f03"

[conda-packages.windows-x64."libiconv-1.18-hc1393d2_2"]
url = "https://conda.anaconda.org/conda-forge/win-64/libiconv-1.18-hc1393d2_2.conda"
checksum = "sha256:0dcdb1a5f01863ac4e8ba006a8b0dc1a02d2221ec3319b5915a1863254d7efa7"

[conda-packages.windows-x64."ucrt-10.0.26100.0-h57928b3_0"]
url = "https://conda.anaconda.org/conda-forge/win-64/ucrt-10.0.26100.0-h57928b3_0.conda"
checksum = "sha256:3005729dce6f3d3f5ec91dfc49fc75a0095f9cd23bab49efb899657297ac91a5"

[conda-packages.windows-x64."vc-14.5-h1b7c187_39"]
url = "https://conda.anaconda.org/conda-forge/win-64/vc-14.5-h1b7c187_39.conda"
checksum = "sha256:17693b60cb54f80c60275f003f3bfc1b128af56dbfd65c4fae37c64eeb755ce1"

[conda-packages.windows-x64."vc14_runtime-14.51.36231-h1b9f54f_39"]
url = "https://conda.anaconda.org/conda-forge/win-64/vc14_runtime-14.51.36231-h1b9f54f_39.conda"
checksum = "sha256:8153ed849c92e891eacac0f2f8d7ecb79f9b5fd7f7917fbb896f252a60a40390"

[conda-packages.windows-x64."vcomp14-14.51.36231-h1b9f54f_39"]
url = "https://conda.anaconda.org/conda-forge/win-64/vcomp14-14.51.36231-h1b9f54f_39.conda"
checksum = "sha256:07fb14713c4bc62e2533a2e23a363abfb0e65650681fba0ae4c840e2219350f3"

[[tools."aqua:Kitware/CMake"]]
version = "4.3.3"
backend = "aqua:Kitware/CMake"

[tools."aqua:Kitware/CMake"."platforms.linux-arm64"]
checksum = "sha256:9ea38356dbd3e32e51029a3e09a0f2f8e117ef4fbcaad7a21ffb36409bbd5cb4"
url = "https://github.com/Kitware/CMake/releases/download/v4.3.3/cmake-4.3.3-linux-aarch64.tar.gz"
url_api = "https://api.github.com/repos/Kitware/CMake/releases/assets/426406946"

[tools."aqua:Kitware/CMake"."platforms.linux-x64"]
checksum = "sha256:927b2368a946c37269c3a66225ab00544e756459cdd0b5d0da438694fb9ff802"
url = "https://github.com/Kitware/CMake/releases/download/v4.3.3/cmake-4.3.3-linux-x86_64.tar.gz"
url_api = "https://api.github.com/repos/Kitware/CMake/releases/assets/426407023"

[tools."aqua:Kitware/CMake"."platforms.macos-arm64"]
checksum = "sha256:5221a13450c7a0219a2a0d1b6c9085eb06489721fafd8488ccebc1584175d2fb"
url = "https://github.com/Kitware/CMake/releases/download/v4.3.3/cmake-4.3.3-macos-universal.tar.gz"
url_api = "https://api.github.com/repos/Kitware/CMake/releases/assets/426407094"

[tools."aqua:Kitware/CMake"."platforms.windows-arm64"]
checksum = "sha256:db6e902b5ba6a08d0abed136763c4bd95adda17e882d659c0f5d14fe158f7395"
url = "https://github.com/Kitware/CMake/releases/download/v4.3.3/cmake-4.3.3-windows-arm64.zip"
url_api = "https://api.github.com/repos/Kitware/CMake/releases/assets/426407399"

[tools."aqua:Kitware/CMake"."platforms.windows-x64"]
checksum = "sha256:935ade9e5e8723583c07f44c5592cea2a1c8f65c56ca7e07b34c025c880e0bd6"
url = "https://github.com/Kitware/CMake/releases/download/v4.3.3/cmake-4.3.3-windows-x86_64.zip"
url_api = "https://api.github.com/repos/Kitware/CMake/releases/assets/426407532"

[[tools."aqua:apple/pkl"]]
version = "0.31.0"
backend = "aqua:apple/pkl"

[tools."aqua:apple/pkl"."platforms.linux-arm64"]
checksum = "sha256:471460cdd11e1cb9ac0a5401fdb05277ae3adb3a4573cc0a9c63ee087c1f93c8"
url = "https://github.com/apple/pkl/releases/download/0.31.0/pkl-linux-aarch64"
url_api = "https://api.github.com/repos/apple/pkl/releases/assets/362961698"

[tools."aqua:apple/pkl"."platforms.linux-x64"]
checksum = "sha256:5a5c2a889b68ca92ff4258f9d277f92412b98dfef5057daef7564202a20870b6"
url = "https://github.com/apple/pkl/releases/download/0.31.0/pkl-linux-amd64"
url_api = "https://api.github.com/repos/apple/pkl/releases/assets/362961695"

[tools."aqua:apple/pkl"."platforms.macos-arm64"]
checksum = "sha256:349402ae32c35382c034b0c0af744ffb0d53a213888c44deec94a7810e144889"
url = "https://github.com/apple/pkl/releases/download/0.31.0/pkl-macos-aarch64"
url_api = "https://api.github.com/repos/apple/pkl/releases/assets/362961694"

[tools."aqua:apple/pkl"."platforms.windows-arm64"]
checksum = "sha256:37d35ce8a165766502fb13799071d4cefa84d39fb455c75c471b47b9b5d12b04"
url = "https://github.com/apple/pkl/releases/download/0.31.0/pkl-windows-amd64.exe"
url_api = "https://api.github.com/repos/apple/pkl/releases/assets/362961758"

[tools."aqua:apple/pkl"."platforms.windows-x64"]
checksum = "sha256:37d35ce8a165766502fb13799071d4cefa84d39fb455c75c471b47b9b5d12b04"
url = "https://github.com/apple/pkl/releases/download/0.31.0/pkl-windows-amd64.exe"
url_api = "https://api.github.com/repos/apple/pkl/releases/assets/362961758"

[[tools."aqua:astral-sh/uv"]]
version = "0.11.11"
backend = "aqua:astral-sh/uv"

[tools."aqua:astral-sh/uv"."platforms.linux-arm64"]
checksum = "sha256:0fc9a49b3900f77ffaccf3ff69a70ddbc1d479e70ac5d8fd6416a7577b03c5a1"
url = "https://github.com/astral-sh/uv/releases/download/0.11.11/uv-aarch64-unknown-linux-musl.tar.gz"
url_api = "https://api.github.com/repos/astral-sh/uv/releases/assets/413802136"
provenance = "github-attestations"

[tools."aqua:astral-sh/uv"."platforms.linux-x64"]
checksum = "sha256:80521f18ba83109acd17e0730bd8ff898c3426aa62252c627d63418b353e788a"
url = "https://github.com/astral-sh/uv/releases/download/0.11.11/uv-x86_64-unknown-linux-musl.tar.gz"
url_api = "https://api.github.com/repos/astral-sh/uv/releases/assets/413802220"
provenance = "github-attestations"

[tools."aqua:astral-sh/uv"."platforms.macos-arm64"]
checksum = "sha256:3a185bf8f46a7b7c8b910d111825907b1638d0ae503cb3c333ae205772354046"
url = "https://github.com/astral-sh/uv/releases/download/0.11.11/uv-aarch64-apple-darwin.tar.gz"
url_api = "https://api.github.com/repos/astral-sh/uv/releases/assets/413802119"
provenance = "github-attestations"

[tools."aqua:astral-sh/uv"."platforms.windows-arm64"]
checksum = "sha256:2f75a0db2c3530b6b3c24434dc38137f61ff1f4e5f2d7b4ddc5bcd142cf58b65"
url = "https://github.com/astral-sh/uv/releases/download/0.11.11/uv-x86_64-pc-windows-msvc.zip"
url_api = "https://api.github.com/repos/astral-sh/uv/releases/assets/413802210"
provenance = "github-attestations"

[tools."aqua:astral-sh/uv"."platforms.windows-x64"]
checksum = "sha256:2f75a0db2c3530b6b3c24434dc38137f61ff1f4e5f2d7b4ddc5bcd142cf58b65"
url = "https://github.com/astral-sh/uv/releases/download/0.11.11/uv-x86_64-pc-windows-msvc.zip"
url_api = "https://api.github.com/repos/astral-sh/uv/releases/assets/413802210"
provenance = "github-attestations"

[[tools."aqua:dprint/dprint"]]
version = "0.53.2"
backend = "aqua:dprint/dprint"

[tools."aqua:dprint/dprint"."platforms.linux-arm64"]
checksum = "sha256:c3843a4604dac7428f41f762c4c352e409c63bd634172765bbac482dc59773ba"
url = "https://github.com/dprint/dprint/releases/download/0.53.2/dprint-aarch64-unknown-linux-musl.zip"
url_api = "https://api.github.com/repos/dprint/dprint/releases/assets/386379923"

[tools."aqua:dprint/dprint"."platforms.linux-x64"]
checksum = "sha256:7ff2cf9b25c687bd59867528ae9a5526c17e75e82e9788bf1f84a0e3ca7163b6"
url = "https://github.com/dprint/dprint/releases/download/0.53.2/dprint-x86_64-unknown-linux-musl.zip"
url_api = "https://api.github.com/repos/dprint/dprint/releases/assets/386379927"

[tools."aqua:dprint/dprint"."platforms.macos-arm64"]
checksum = "sha256:a185ba53f74e1e3a8ccdaf03a5d6f96b67d3fdf3f86d0d0f98950d15817eb0c4"
url = "https://github.com/dprint/dprint/releases/download/0.53.2/dprint-aarch64-apple-darwin.zip"
url_api = "https://api.github.com/repos/dprint/dprint/releases/assets/386379921"

[tools."aqua:dprint/dprint"."platforms.windows-arm64"]
checksum = "sha256:f18910879d6796b05b0666513391ab7963b346723c041dc4d777d3f43179e416"
url = "https://github.com/dprint/dprint/releases/download/0.53.2/dprint-x86_64-pc-windows-msvc.zip"
url_api = "https://api.github.com/repos/dprint/dprint/releases/assets/386379920"

[tools."aqua:dprint/dprint"."platforms.windows-x64"]
checksum = "sha256:f18910879d6796b05b0666513391ab7963b346723c041dc4d777d3f43179e416"
url = "https://github.com/dprint/dprint/releases/download/0.53.2/dprint-x86_64-pc-windows-msvc.zip"
url_api = "https://api.github.com/repos/dprint/dprint/releases/assets/386379920"

[[tools."aqua:facebook/ktfmt"]]
version = "0.62"
backend = "aqua:facebook/ktfmt"

[tools."aqua:facebook/ktfmt"."platforms.linux-arm64"]
checksum = "sha256:f39bf9a1f520d27f86f2bdf4d6dbb2574c05e84f656171ed65c4e534b86b9965"
url = "https://github.com/facebook/ktfmt/releases/download/v0.62/ktfmt-0.62-with-dependencies.jar"
url_api = "https://api.github.com/repos/facebook/ktfmt/releases/assets/375830158"

[tools."aqua:facebook/ktfmt"."platforms.linux-x64"]
checksum = "sha256:f39bf9a1f520d27f86f2bdf4d6dbb2574c05e84f656171ed65c4e534b86b9965"
url = "https://github.com/facebook/ktfmt/releases/download/v0.62/ktfmt-0.62-with-dependencies.jar"
url_api = "https://api.github.com/repos/facebook/ktfmt/releases/assets/375830158"

[tools."aqua:facebook/ktfmt"."platforms.macos-arm64"]
checksum = "sha256:f39bf9a1f520d27f86f2bdf4d6dbb2574c05e84f656171ed65c4e534b86b9965"
url = "https://github.com/facebook/ktfmt/releases/download/v0.62/ktfmt-0.62-with-dependencies.jar"
url_api = "https://api.github.com/repos/facebook/ktfmt/releases/assets/375830158"

[tools."aqua:facebook/ktfmt"."platforms.windows-arm64"]
checksum = "sha256:f39bf9a1f520d27f86f2bdf4d6dbb2574c05e84f656171ed65c4e534b86b9965"
url = "https://github.com/facebook/ktfmt/releases/download/v0.62/ktfmt-0.62-with-dependencies.jar"
url_api = "https://api.github.com/repos/facebook/ktfmt/releases/assets/375830158"

[tools."aqua:facebook/ktfmt"."platforms.windows-x64"]
checksum = "sha256:f39bf9a1f520d27f86f2bdf4d6dbb2574c05e84f656171ed65c4e534b86b9965"
url = "https://github.com/facebook/ktfmt/releases/download/v0.62/ktfmt-0.62-with-dependencies.jar"
url_api = "https://api.github.com/repos/facebook/ktfmt/releases/assets/375830158"

[[tools."aqua:google/google-java-format"]]
version = "1.35.0"
backend = "aqua:google/google-java-format"

[tools."aqua:google/google-java-format"."platforms.linux-arm64"]
checksum = "sha256:a69b2e85deb681f3eae4c946b948908e162e76ef27d752fa31830866dd7aa764"
url = "https://github.com/google/google-java-format/releases/download/v1.35.0/google-java-format_linux-arm64"
url_api = "https://api.github.com/repos/google/google-java-format/releases/assets/365933462"

[tools."aqua:google/google-java-format"."platforms.linux-x64"]
checksum = "sha256:e0f95ad6d26b8fbd5b1e3fd3014f8306c4eb3b29d2a6b15fab62d0a364629437"
url = "https://github.com/google/google-java-format/releases/download/v1.35.0/google-java-format_linux-x86-64"
url_api = "https://api.github.com/repos/google/google-java-format/releases/assets/365933717"

[tools."aqua:google/google-java-format"."platforms.macos-arm64"]
checksum = "sha256:563f066c324687885b5f4039325f8952fbb9aaf3d67c68e0b2eafccc8069d3b8"
url = "https://github.com/google/google-java-format/releases/download/v1.35.0/google-java-format_darwin-arm64"
url_api = "https://api.github.com/repos/google/google-java-format/releases/assets/365933286"

[tools."aqua:google/google-java-format"."platforms.windows-arm64"]
checksum = "sha256:2451e70f7805ce51dc026c0ca6b76b689b20c99c5e5769412ae5235f59f3a427"
url = "https://github.com/google/google-java-format/releases/download/v1.35.0/google-java-format_windows-x86-64.exe"
url_api = "https://api.github.com/repos/google/google-java-format/releases/assets/365934498"

[tools."aqua:google/google-java-format"."platforms.windows-x64"]
checksum = "sha256:2451e70f7805ce51dc026c0ca6b76b689b20c99c5e5769412ae5235f59f3a427"
url = "https://github.com/google/google-java-format/releases/download/v1.35.0/google-java-format_windows-x86-64.exe"
url_api = "https://api.github.com/repos/google/google-java-format/releases/assets/365934498"

[[tools."aqua:jdx/hk"]]
version = "1.45.0"
backend = "aqua:jdx/hk"

[tools."aqua:jdx/hk"."platforms.linux-arm64"]
checksum = "sha256:22293f9c742f0def32299689022891ced7c5c9d5024c91afd33a83e6f714686c"
url = "https://github.com/jdx/hk/releases/download/v1.45.0/hk-aarch64-unknown-linux-gnu.tar.gz"
url_api = "https://api.github.com/repos/jdx/hk/releases/assets/412689662"

[tools."aqua:jdx/hk"."platforms.linux-x64"]
checksum = "sha256:47a3338403f689cc295d36213cfede4e1098c335d18064416ea9ac2b9739c148"
url = "https://github.com/jdx/hk/releases/download/v1.45.0/hk-x86_64-unknown-linux-gnu.tar.gz"
url_api = "https://api.github.com/repos/jdx/hk/releases/assets/412689674"

[tools."aqua:jdx/hk"."platforms.macos-arm64"]
checksum = "sha256:17bd1d9eccbfc894c4b0191871a964dc67df80c1bfbee072e5c12d4bb893a8a6"
url = "https://github.com/jdx/hk/releases/download/v1.45.0/hk-aarch64-apple-darwin.tar.gz"
url_api = "https://api.github.com/repos/jdx/hk/releases/assets/412689657"

[tools."aqua:jdx/hk"."platforms.windows-arm64"]
checksum = "sha256:6ba41fab25ed0c3c01fb1accb25e7d2eb71c67dea6362b7f7933f43fec4455f6"
url = "https://github.com/jdx/hk/releases/download/v1.45.0/hk-aarch64-pc-windows-msvc.zip"
url_api = "https://api.github.com/repos/jdx/hk/releases/assets/412689660"

[tools."aqua:jdx/hk"."platforms.windows-x64"]
checksum = "sha256:94c7c460d05748524a96583b656e8dec31a11a30ce6a997b9a5b5d8ec4d1b7e7"
url = "https://github.com/jdx/hk/releases/download/v1.45.0/hk-x86_64-pc-windows-msvc.zip"
url_api = "https://api.github.com/repos/jdx/hk/releases/assets/412689659"

[[tools."aqua:koalaman/shellcheck"]]
version = "0.11.0"
backend = "aqua:koalaman/shellcheck"

[tools."aqua:koalaman/shellcheck"."platforms.linux-arm64"]
checksum = "sha256:12b331c1d2db6b9eb13cfca64306b1b157a86eb69db83023e261eaa7e7c14588"
url = "https://github.com/koalaman/shellcheck/releases/download/v0.11.0/shellcheck-v0.11.0.linux.aarch64.tar.xz"
url_api = "https://api.github.com/repos/koalaman/shellcheck/releases/assets/279056934"

[tools."aqua:koalaman/shellcheck"."platforms.linux-x64"]
checksum = "sha256:8c3be12b05d5c177a04c29e3c78ce89ac86f1595681cab149b65b97c4e227198"
url = "https://github.com/koalaman/shellcheck/releases/download/v0.11.0/shellcheck-v0.11.0.linux.x86_64.tar.xz"
url_api = "https://api.github.com/repos/koalaman/shellcheck/releases/assets/279056942"

[tools."aqua:koalaman/shellcheck"."platforms.macos-arm64"]
checksum = "sha256:56affdd8de5527894dca6dc3d7e0a99a873b0f004d7aabc30ae407d3f48b0a79"
url = "https://github.com/koalaman/shellcheck/releases/download/v0.11.0/shellcheck-v0.11.0.darwin.aarch64.tar.xz"
url_api = "https://api.github.com/repos/koalaman/shellcheck/releases/assets/279056932"

[tools."aqua:koalaman/shellcheck"."platforms.windows-arm64"]
checksum = "sha256:8a4e35ab0b331c85d73567b12f2a444df187f483e5079ceffa6bda1faa2e740e"
url = "https://github.com/koalaman/shellcheck/releases/download/v0.11.0/shellcheck-v0.11.0.zip"
url_api = "https://api.github.com/repos/koalaman/shellcheck/releases/assets/279056944"

[tools."aqua:koalaman/shellcheck"."platforms.windows-x64"]
checksum = "sha256:8a4e35ab0b331c85d73567b12f2a444df187f483e5079ceffa6bda1faa2e740e"
url = "https://github.com/koalaman/shellcheck/releases/download/v0.11.0/shellcheck-v0.11.0.zip"
url_api = "https://api.github.com/repos/koalaman/shellcheck/releases/assets/279056944"

[[tools."aqua:mvdan/gofumpt"]]
version = "0.10.0"
backend = "aqua:mvdan/gofumpt"

[tools."aqua:mvdan/gofumpt"."platforms.linux-arm64"]
checksum = "sha256:5d239f93b1ed2dfe74d39b25112bb770a04f6581f986d4b4f5d380521e12ca61"
url = "https://github.com/mvdan/gofumpt/releases/download/v0.10.0/gofumpt_v0.10.0_linux_arm64"
url_api = "https://api.github.com/repos/mvdan/gofumpt/releases/assets/411914558"

[tools."aqua:mvdan/gofumpt"."platforms.linux-x64"]
checksum = "sha256:48ee398ec72afdaca6accb70f5ed741349d5dcccb52c5bb4c4469d698980b186"
url = "https://github.com/mvdan/gofumpt/releases/download/v0.10.0/gofumpt_v0.10.0_linux_amd64"
url_api = "https://api.github.com/repos/mvdan/gofumpt/releases/assets/411914544"

[tools."aqua:mvdan/gofumpt"."platforms.macos-arm64"]
checksum = "sha256:ba4b348e729cba915d5c7dc515774e2f2c7cc5c5ad011de20d34be10e5a2f906"
url = "https://github.com/mvdan/gofumpt/releases/download/v0.10.0/gofumpt_v0.10.0_darwin_arm64"
url_api = "https://api.github.com/repos/mvdan/gofumpt/releases/assets/411914528"

[tools."aqua:mvdan/gofumpt"."platforms.windows-arm64"]
checksum = "sha256:20872b464435512b74678b1155b75bd75220de5737ad8c075b9151c846543697"
url = "https://github.com/mvdan/gofumpt/releases/download/v0.10.0/gofumpt_v0.10.0_windows_amd64.exe"
url_api = "https://api.github.com/repos/mvdan/gofumpt/releases/assets/411914169"

[tools."aqua:mvdan/gofumpt"."platforms.windows-x64"]
checksum = "sha256:20872b464435512b74678b1155b75bd75220de5737ad8c075b9151c846543697"
url = "https://github.com/mvdan/gofumpt/releases/download/v0.10.0/gofumpt_v0.10.0_windows_amd64.exe"
url_api = "https://api.github.com/repos/mvdan/gofumpt/releases/assets/411914169"

[[tools."aqua:pnpm/pnpm"]]
version = "10.33.2"
backend = "aqua:pnpm/pnpm"

[tools."aqua:pnpm/pnpm"."platforms.linux-arm64"]
checksum = "sha256:0828e5ee23be89d22bd53cc36e93c181ce9d5c47d75f9fe9bf4bdc7a65c66322"
url = "https://github.com/pnpm/pnpm/releases/download/v10.33.2/pnpm-linux-arm64"
url_api = "https://api.github.com/repos/pnpm/pnpm/releases/assets/403384786"

[tools."aqua:pnpm/pnpm"."platforms.linux-x64"]
checksum = "sha256:39d7b6600239712bc9581ea219b17ffef46ba60998779cb717be2e068be029ef"
url = "https://github.com/pnpm/pnpm/releases/download/v10.33.2/pnpm-linux-x64"
url_api = "https://api.github.com/repos/pnpm/pnpm/releases/assets/403384787"

[tools."aqua:pnpm/pnpm"."platforms.macos-arm64"]
checksum = "sha256:a99a4d5d0e6bd3728949c24ff74a2f2f2d07f73bc48fd308e4eea75d8e72acdc"
url = "https://github.com/pnpm/pnpm/releases/download/v10.33.2/pnpm-macos-arm64"
url_api = "https://api.github.com/repos/pnpm/pnpm/releases/assets/403384783"

[tools."aqua:pnpm/pnpm"."platforms.windows-arm64"]
checksum = "sha256:3d1af71e9da7081efd58f95942e1f7e2107bf8fcdae03eb2331c0b6cea59510b"
url = "https://github.com/pnpm/pnpm/releases/download/v10.33.2/pnpm-win-x64.exe"
url_api = "https://api.github.com/repos/pnpm/pnpm/releases/assets/403384785"

[tools."aqua:pnpm/pnpm"."platforms.windows-x64"]
checksum = "sha256:3d1af71e9da7081efd58f95942e1f7e2107bf8fcdae03eb2331c0b6cea59510b"
url = "https://github.com/pnpm/pnpm/releases/download/v10.33.2/pnpm-win-x64.exe"
url_api = "https://api.github.com/repos/pnpm/pnpm/releases/assets/403384785"

[[tools."aqua:rhysd/actionlint"]]
version = "1.7.8"
backend = "aqua:rhysd/actionlint"

[tools."aqua:rhysd/actionlint"."platforms.linux-arm64"]
checksum = "sha256:4c65dbb2d59b409cdd75d47ffa8fa32af8f0eee573ac510468dc2275c48bf07c"
url = "https://github.com/rhysd/actionlint/releases/download/v1.7.8/actionlint_1.7.8_linux_arm64.tar.gz"
url_api = "https://api.github.com/repos/rhysd/actionlint/releases/assets/303046371"

[tools."aqua:rhysd/actionlint"."platforms.linux-x64"]
checksum = "sha256:be92c2652ab7b6d08425428797ceabeb16e31a781c07bc388456b4e592f3e36a"
url = "https://github.com/rhysd/actionlint/releases/download/v1.7.8/actionlint_1.7.8_linux_amd64.tar.gz"
url_api = "https://api.github.com/repos/rhysd/actionlint/releases/assets/303046369"

[tools."aqua:rhysd/actionlint"."platforms.macos-arm64"]
checksum = "sha256:ffb1f6c429a51dc9f37af9d11f96c16bd52f54b713bf7f8bd92f7fce9fd4284a"
url = "https://github.com/rhysd/actionlint/releases/download/v1.7.8/actionlint_1.7.8_darwin_arm64.tar.gz"
url_api = "https://api.github.com/repos/rhysd/actionlint/releases/assets/303046366"

[tools."aqua:rhysd/actionlint"."platforms.windows-arm64"]
checksum = "sha256:76cbb407e2de15df97969aae51d6fb46aaae9e73a48da06b1c3157cb9f2ee766"
url = "https://github.com/rhysd/actionlint/releases/download/v1.7.8/actionlint_1.7.8_windows_arm64.zip"
url_api = "https://api.github.com/repos/rhysd/actionlint/releases/assets/303046376"

[tools."aqua:rhysd/actionlint"."platforms.windows-x64"]
checksum = "sha256:8cae2385eb69b93084ea2e6a4bce57233feb56ab16b3087bea25cbc0abadb0cc"
url = "https://github.com/rhysd/actionlint/releases/download/v1.7.8/actionlint_1.7.8_windows_amd64.zip"
url_api = "https://api.github.com/repos/rhysd/actionlint/releases/assets/303046377"

[[tools."conda:doxygen"]]
version = "1.13.2"
backend = "conda:doxygen"

[tools."conda:doxygen".options]
channel = "conda-forge"

[tools."conda:doxygen"."platforms.linux-arm64"]
checksum = "sha256:671fc9849fcdb9138daf2ab6b2d45b0650055ba1496cda19c415f57cabc381b8"
url = "https://conda.anaconda.org/conda-forge/linux-aarch64/doxygen-1.13.2-h5e0f5ae_0.conda"
conda_deps = [
    "libgcc-15.2.0-h8acb6b2_19",
    "libstdcxx-15.2.0-hef695bb_19",
    "libiconv-1.18-h90929bb_2",
    "_openmp_mutex-4.5-20_gnu",
    "libgomp-15.2.0-h8acb6b2_19",
]

[tools."conda:doxygen"."platforms.linux-x64"]
checksum = "sha256:349c4c872357b4a533e127b2ade8533796e8e062abc2cd685756a1a063ae1e35"
url = "https://conda.anaconda.org/conda-forge/linux-64/doxygen-1.13.2-h8e693c7_0.conda"
conda_deps = [
    "libgcc-15.2.0-he0feb66_19",
    "libstdcxx-15.2.0-h934c35e_19",
    "libiconv-1.18-h3b78370_2",
    "_openmp_mutex-4.5-20_gnu",
    "libgomp-15.2.0-he0feb66_19",
]

[tools."conda:doxygen"."platforms.macos-arm64"]
checksum = "sha256:2327ad4e6214accc1e71aea371aee9b9fed864ec36c20f829fd1cb71d4c85202"
url = "https://conda.anaconda.org/conda-forge/osx-arm64/doxygen-1.13.2-h493aca8_0.conda"
conda_deps = [
    "libcxx-22.1.8-h55c6f16_0",
    "libiconv-1.18-h23cfdf5_2",
]

[tools."conda:doxygen"."platforms.windows-x64"]
checksum = "sha256:7a0fd40fd704e97a8f6533a081ba29579766d7a60bcb8e5de76679b066c4a72e"
url = "https://conda.anaconda.org/conda-forge/win-64/doxygen-1.13.2-hbf3f430_0.conda"
conda_deps = [
    "libiconv-1.18-hc1393d2_2",
    "ucrt-10.0.26100.0-h57928b3_0",
    "vc-14.5-h1b7c187_39",
    "vc14_runtime-14.51.36231-h1b9f54f_39",
    "vcomp14-14.51.36231-h1b9f54f_39",
]

[[tools.dart]]
version = "3.12.2"
backend = "http:dart"

[tools.dart."platforms.linux-arm64"]
checksum = "sha256:f82c83ece7d168047550dfd4a664e4071ac7c488bddb72dc43102c22d7e0b518"
url = "https://storage.googleapis.com/dart-archive/channels/stable/release/3.12.2/sdk/dartsdk-linux-arm64-release.zip"

[tools.dart."platforms.linux-x64"]
checksum = "blake3:877573f488e7365a1759616d1310537c091f8b6e6998cbb3e519dd9ec970429e"
url = "https://storage.googleapis.com/dart-archive/channels/stable/release/3.12.2/sdk/dartsdk-linux-x64-release.zip"

[tools.dart."platforms.macos-arm64"]
checksum = "sha256:cd8753928e77b6b665bd70dce0e64b4ec6d2e2fde141d6409bb716c8ac1f1c0a"
url = "https://storage.googleapis.com/dart-archive/channels/stable/release/3.12.2/sdk/dartsdk-macos-arm64-release.zip"

[tools.dart."platforms.windows-arm64"]
checksum = "sha256:ef0168b2bbceccda659e3d9a0f5ebebd5326ef84800ca6af7ccceeb1cfd3daf0"
url = "https://storage.googleapis.com/dart-archive/channels/stable/release/3.12.2/sdk/dartsdk-windows-arm64-release.zip"

[tools.dart."platforms.windows-x64"]
checksum = "sha256:77fd96c823ed09a85e58209a2c5f16b0fc02e5ed4f3e3d46fddf4be763d498d6"
url = "https://storage.googleapis.com/dart-archive/channels/stable/release/3.12.2/sdk/dartsdk-windows-x64-release.zip"

[[tools.dotnet]]
version = "10.0.203"
backend = "core:dotnet"

[[tools."github:sargunv/jvl"]]
version = "2026.05.03"
backend = "github:sargunv/jvl"

[tools."github:sargunv/jvl"."platforms.linux-arm64"]
checksum = "sha256:0c4ccd104374fe4c918138dd3c2c523cbec4e35e20e8a132d3d0e2d3777b335f"
url = "https://github.com/sargunv/jvl/releases/download/v2026.05.03/jvl-aarch64-unknown-linux-musl.tar.gz"
url_api = "https://api.github.com/repos/sargunv/jvl/releases/assets/411400579"

[tools."github:sargunv/jvl"."platforms.linux-x64"]
checksum = "sha256:dc8ffce4bf652742f944f53f759b77acf9f3fb556230de7c4e5564619ff41ac6"
url = "https://github.com/sargunv/jvl/releases/download/v2026.05.03/jvl-x86_64-unknown-linux-musl.tar.gz"
url_api = "https://api.github.com/repos/sargunv/jvl/releases/assets/411400580"

[tools."github:sargunv/jvl"."platforms.macos-arm64"]
checksum = "sha256:d0085ecd250c56a65cc33aa371d59ecf856e7e338960f3e80cb1a953ff2d8c7d"
url = "https://github.com/sargunv/jvl/releases/download/v2026.05.03/jvl-aarch64-apple-darwin.tar.gz"
url_api = "https://api.github.com/repos/sargunv/jvl/releases/assets/411400582"

[tools."github:sargunv/jvl"."platforms.windows-arm64"]
checksum = "sha256:fd641debbac338b8cd59869b06ad77f95ff462c8d5d00dd046bd2af18e399440"
url = "https://github.com/sargunv/jvl/releases/download/v2026.05.03/jvl-aarch64-pc-windows-msvc.zip"
url_api = "https://api.github.com/repos/sargunv/jvl/releases/assets/411400581"

[tools."github:sargunv/jvl"."platforms.windows-x64"]
checksum = "sha256:adf29d4f9ff98b21492590d8887689093ea521792dbbbe80e032eb6ec37149e9"
url = "https://github.com/sargunv/jvl/releases/download/v2026.05.03/jvl-x86_64-pc-windows-msvc.zip"
url_api = "https://api.github.com/repos/sargunv/jvl/releases/assets/411400578"

[[tools."github:xtool-org/xtool"]]
version = "1.17.0"
backend = "github:xtool-org/xtool"

[tools."github:xtool-org/xtool"."platforms.linux-arm64"]
checksum = "sha256:9a8c47f7b2ee9b452bccee7ce723c0fc8746ac50d4a525a36da0358486bc375e"
url = "https://github.com/xtool-org/xtool/releases/download/1.17.0/xtool-aarch64.AppImage"
url_api = "https://api.github.com/repos/xtool-org/xtool/releases/assets/422189847"

[tools."github:xtool-org/xtool"."platforms.linux-x64"]
checksum = "sha256:7566d62b829a4deadb01b5389c94f45763d851f204c5d22fa36e9f9d1c88d57b"
url = "https://github.com/xtool-org/xtool/releases/download/1.17.0/xtool-x86_64.AppImage"
url_api = "https://api.github.com/repos/xtool-org/xtool/releases/assets/422189849"

[tools."github:xtool-org/xtool"."platforms.macos-arm64"]
checksum = "sha256:9a8c47f7b2ee9b452bccee7ce723c0fc8746ac50d4a525a36da0358486bc375e"
url = "https://github.com/xtool-org/xtool/releases/download/1.17.0/xtool-aarch64.AppImage"
url_api = "https://api.github.com/repos/xtool-org/xtool/releases/assets/422189847"

[tools."github:xtool-org/xtool"."platforms.windows-arm64"]
checksum = "sha256:9a8c47f7b2ee9b452bccee7ce723c0fc8746ac50d4a525a36da0358486bc375e"
url = "https://github.com/xtool-org/xtool/releases/download/1.17.0/xtool-aarch64.AppImage"
url_api = "https://api.github.com/repos/xtool-org/xtool/releases/assets/422189847"

[tools."github:xtool-org/xtool"."platforms.windows-x64"]
checksum = "sha256:7566d62b829a4deadb01b5389c94f45763d851f204c5d22fa36e9f9d1c88d57b"
url = "https://github.com/xtool-org/xtool/releases/download/1.17.0/xtool-x86_64.AppImage"
url_api = "https://api.github.com/repos/xtool-org/xtool/releases/assets/422189849"

[[tools.go]]
version = "1.26.3"
backend = "core:go"

[tools.go."platforms.linux-arm64"]
checksum = "sha256:9d89a3ea57d141c2b22d70083f2c8459ba3890f2d9e818e7e933b75614936565"
url = "https://dl.google.com/go/go1.26.3.linux-arm64.tar.gz"

[tools.go."platforms.linux-x64"]
checksum = "sha256:2b2cfc7148493da5e73981bffbf3353af381d5f93e789c82c79aff64962eb556"
url = "https://dl.google.com/go/go1.26.3.linux-amd64.tar.gz"

[tools.go."platforms.macos-arm64"]
checksum = "sha256:875cf54a15311eee2c99b9dd67c68c4a49351d489ab622bf2cfd28c8f2078d3c"
url = "https://dl.google.com/go/go1.26.3.darwin-arm64.tar.gz"

[tools.go."platforms.windows-arm64"]
checksum = "sha256:95cd63bc6b0da77409ba819215afea9ddf5702c55a3b20af3dd90ea95c7b130c"
url = "https://dl.google.com/go/go1.26.3.windows-arm64.zip"

[tools.go."platforms.windows-x64"]
checksum = "sha256:20d2ceafb4ed41b96b879010927b28bc92a5be57a7c1801ce365a9ca51d3224a"
url = "https://dl.google.com/go/go1.26.3.windows-amd64.zip"

[[tools.java]]
version = "zulu-25.34.17.0"
backend = "core:java"

[tools.java."platforms.linux-arm64"]
checksum = "sha256:2610e5c64df94cee5fb591d70183c5bf8532d8e1d394c754e8ba06751bcceb1b"
url = "https://cdn.azul.com/zulu/bin/zulu25.34.17-ca-jdk25.0.3-linux_aarch64.tar.gz"

[tools.java."platforms.linux-x64"]
checksum = "sha256:3a93235f4e5b313232647916219e91dc5cca0b9835c9b52a404ba58c43571697"
url = "https://cdn.azul.com/zulu/bin/zulu25.34.17-ca-jdk25.0.3-linux_x64.tar.gz"

[tools.java."platforms.macos-arm64"]
checksum = "sha256:74847e7ac930ad143950607421dd6c0a7ccb3d1cbbd8b1665f24ab62b8b7de42"
url = "https://cdn.azul.com/zulu/bin/zulu25.34.17-ca-jdk25.0.3-macosx_aarch64.tar.gz"

[tools.java."platforms.windows-arm64"]
checksum = "sha256:60b6b1faa1a93fea8e64b09f2b9ab136a86b02428f004f8378cfb04cd818a0d4"
url = "https://cdn.azul.com/zulu/bin/zulu25.34.17-ca-jdk25.0.3-win_aarch64.zip"

[tools.java."platforms.windows-x64"]
checksum = "sha256:ddd68ee54e78b6b19388f517b8a61fbed2856ae3320febe42449bac3021e2729"
url = "https://cdn.azul.com/zulu/bin/zulu25.34.17-ca-jdk25.0.3-win_x64.zip"

[[tools.node]]
version = "24.11.0"
backend = "core:node"

[tools.node."platforms.linux-arm64"]
checksum = "sha256:4786d00c4d259d3ff0b2328307f764ef3ced65f2d6e9502d433e68d66238509d"
url = "https://nodejs.org/dist/v24.11.0/node-v24.11.0-linux-arm64.tar.gz"

[tools.node."platforms.linux-x64"]
checksum = "sha256:b3c071cdf47aab867c3b2aa287257df12ec5d7c962bf922b32fd33226c4295fd"
url = "https://nodejs.org/dist/v24.11.0/node-v24.11.0-linux-x64.tar.gz"

[tools.node."platforms.macos-arm64"]
checksum = "sha256:0be2ab2816a4fa02d1acff014a434f29f56d8d956f5af6a98b70ced6c5f4d201"
url = "https://nodejs.org/dist/v24.11.0/node-v24.11.0-darwin-arm64.tar.gz"

[tools.node."platforms.windows-arm64"]
checksum = "sha256:12d3b1aa9696b7411e115a4fa2aef57f95560b5ee16bb62cd69843e535ec72be"
url = "https://nodejs.org/dist/v24.11.0/node-v24.11.0-win-arm64.zip"

[tools.node."platforms.windows-x64"]
checksum = "sha256:1054540bce22b54ec7e50ebc078ec5d090700a77657607a58f6a64df21f49fdd"
url = "https://nodejs.org/dist/v24.11.0/node-v24.11.0-win-x64.zip"

[[tools.python]]
version = "3.14.4"
backend = "core:python"

[tools.python."platforms.linux-arm64"]
checksum = "sha256:b8b597fdb2f8dccdc502c11947b60a4b65eb6bce79cfa60c7ccf9b6e8352c60a"
url = "https://github.com/astral-sh/python-build-standalone/releases/download/20260414/cpython-3.14.4+20260414-aarch64-unknown-linux-gnu-install_only_stripped.tar.gz"
provenance = "github-attestations"

[tools.python."platforms.linux-x64"]
checksum = "sha256:fe9a9c32d13870af632cbac3dfc7528ae53597e94472aa4c7d6a42e8166136cd"
url = "https://github.com/astral-sh/python-build-standalone/releases/download/20260414/cpython-3.14.4+20260414-x86_64-unknown-linux-gnu-install_only_stripped.tar.gz"
provenance = "github-attestations"

[tools.python."platforms.macos-arm64"]
checksum = "sha256:6f304f4ec30854611f23316578302235fb517cd970519ecdd11a8c4db87fd843"
url = "https://github.com/astral-sh/python-build-standalone/releases/download/20260414/cpython-3.14.4+20260414-aarch64-apple-darwin-install_only_stripped.tar.gz"
provenance = "github-attestations"

[tools.python."platforms.windows-arm64"]
checksum = "sha256:d0cf4212d08a34ecdd614bc655d6502afcf61ce16cf5f566fca6c63884a9d1df"
url = "https://github.com/astral-sh/python-build-standalone/releases/download/20260414/cpython-3.14.4+20260414-aarch64-pc-windows-msvc-install_only_stripped.tar.gz"
provenance = "github-attestations"

[tools.python."platforms.windows-x64"]
checksum = "sha256:a976991dcd085c1bb5d9a8084823a6bc8b7f9b079d8c432574a6ddd68c3a6fe1"
url = "https://github.com/astral-sh/python-build-standalone/releases/download/20260414/cpython-3.14.4+20260414-x86_64-pc-windows-msvc-install_only_stripped.tar.gz"
provenance = "github-attestations"

[[tools.rust]]
version = "1.95.0"
backend = "core:rust"

[tools.rust.options]
components = "clippy,rustfmt"
profile = "minimal"
targets = "aarch64-linux-android,aarch64-pc-windows-msvc,aarch64-unknown-linux-ohos,x86_64-linux-android,x86_64-pc-windows-msvc"

[[tools.sccache]]
version = "0.16.0"
backend = "aqua:mozilla/sccache"

[tools.sccache."platforms.linux-arm64"]
checksum = "sha256:f73a5c39f96bb6ebb89cc7915cf182260d4cbf30765322c5e793d0fe8bd80784"
url = "https://github.com/mozilla/sccache/releases/download/v0.16.0/sccache-v0.16.0-aarch64-unknown-linux-musl.tar.gz"
url_api = "https://api.github.com/repos/mozilla/sccache/releases/assets/452060468"

[tools.sccache."platforms.linux-x64"]
checksum = "sha256:aec995a83ad3dff3d14b6314e08858b7b73d35ca85a5bcf3d3a9ec07dee35588"
url = "https://github.com/mozilla/sccache/releases/download/v0.16.0/sccache-v0.16.0-x86_64-unknown-linux-musl.tar.gz"
url_api = "https://api.github.com/repos/mozilla/sccache/releases/assets/452060682"

[tools.sccache."platforms.macos-arm64"]
checksum = "sha256:ded590cae2c72042c61178632906bef62d635fa20d45f8b22110a2241f430960"
url = "https://github.com/mozilla/sccache/releases/download/v0.16.0/sccache-v0.16.0-aarch64-apple-darwin.tar.gz"
url_api = "https://api.github.com/repos/mozilla/sccache/releases/assets/452060416"

[tools.sccache."platforms.windows-arm64"]
checksum = "sha256:09ca24bf12288b4b7ff8a852d89e533aa67353f7b956e73a3d7c298256ededa7"
url = "https://github.com/mozilla/sccache/releases/download/v0.16.0/sccache-v0.16.0-aarch64-pc-windows-msvc.tar.gz"
url_api = "https://api.github.com/repos/mozilla/sccache/releases/assets/452060436"

[tools.sccache."platforms.windows-x64"]
checksum = "sha256:c82319cc392b693e9fc72e6567cce47e218308f00fbf1df942e39b62e30f98da"
url = "https://github.com/mozilla/sccache/releases/download/v0.16.0/sccache-v0.16.0-x86_64-pc-windows-msvc.tar.gz"
url_api = "https://api.github.com/repos/mozilla/sccache/releases/assets/452060663"

[[tools.swift]]
version = "6.3.1"
backend = "core:swift"

[tools.swift."platforms.linux-arm64"]
checksum = "blake3:5757beba33d3dff25fb750a239936827ab0350e65b28ea37a3924449883c6429"

[tools.swift."platforms.linux-x64"]
checksum = "blake3:8a95707e406fa824266e95319f9f906415871df8f8dce47304a90302ec9977e8"

[tools.swift."platforms.macos-arm64"]
checksum = "blake3:7c85377fa6d9bdbeec3f6724522835c59d31483906d5bee41ec41807eff0ab00"

[[tools.swiftformat]]
version = "0.61.1"
backend = "github:nicklockwood/SwiftFormat"

[tools.swiftformat.options]
no_app = "true"

[tools.swiftformat."platforms.linux-arm64"]
checksum = "sha256:42a35b557a6d56975fba3a48e78d39ab5388c8faac65d4819f25d3e20c7504c0"
url = "https://github.com/nicklockwood/SwiftFormat/releases/download/0.61.1/swiftformat_linux_aarch64.zip"
url_api = "https://api.github.com/repos/nicklockwood/SwiftFormat/releases/assets/406639845"

[tools.swiftformat."platforms.linux-x64"]
checksum = "sha256:7bc8706e3fd51963f1f29eb99098ebdf482f3497fa527c68e6cf75cbee29c77a"
url = "https://github.com/nicklockwood/SwiftFormat/releases/download/0.61.1/swiftformat_linux.zip"
url_api = "https://api.github.com/repos/nicklockwood/SwiftFormat/releases/assets/406639796"

[tools.swiftformat."platforms.macos-arm64"]
checksum = "sha256:b990400779aceb7d7020796eb9ba814d4480543f671d38fc0ff48cb72f04c584"
url = "https://github.com/nicklockwood/SwiftFormat/releases/download/0.61.1/swiftformat.zip"
url_api = "https://api.github.com/repos/nicklockwood/SwiftFormat/releases/assets/406639783"

[tools.swiftformat."platforms.windows-arm64"]
checksum = "sha256:6c59015fc50224a0e67e8a463d8f194481806d4b514619d4f2f1d3ec830b517a"
url = "https://github.com/nicklockwood/SwiftFormat/releases/download/0.61.1/SwiftFormat.arm64.msi"
url_api = "https://api.github.com/repos/nicklockwood/SwiftFormat/releases/assets/406642520"

[tools.swiftformat."platforms.windows-x64"]
checksum = "sha256:709779781c37d0f4020b5e3fa8ade4070340c37b980f3826b84d61c35ccb6a25"
url = "https://github.com/nicklockwood/SwiftFormat/releases/download/0.61.1/SwiftFormat.amd64.msi"
url_api = "https://api.github.com/repos/nicklockwood/SwiftFormat/releases/assets/406642521"

[[tools.zig]]
version = "0.16.0"
backend = "core:zig"

[tools.zig."platforms.linux-arm64"]
checksum = "sha256:ea4b09bfb22ec6f6c6ceac57ab63efb6b46e17ab08d21f69f3a48b38e1534f17"
url = "https://ziglang.org/download/0.16.0/zig-aarch64-linux-0.16.0.tar.xz"
provenance = "minisign"

[tools.zig."platforms.linux-x64"]
checksum = "sha256:70e49664a74374b48b51e6f3fdfbf437f6395d42509050588bd49abe52ba3d00"
url = "https://ziglang.org/download/0.16.0/zig-x86_64-linux-0.16.0.tar.xz"
provenance = "minisign"

[tools.zig."platforms.macos-arm64"]
checksum = "sha256:b23d70deaa879b5c2d486ed3316f7eaa53e84acf6fc9cc747de152450d401489"
url = "https://ziglang.org/download/0.16.0/zig-aarch64-macos-0.16.0.tar.xz"

[tools.zig."platforms.windows-arm64"]
checksum = "sha256:aee38316ee4111717900f45dd3130145c39289e105541d737eb8c5ed653c78ef"
url = "https://ziglang.org/download/0.16.0/zig-aarch64-windows-0.16.0.zip"

[tools.zig."platforms.windows-x64"]
checksum = "sha256:68659eb5f1e4eb1437a722f1dd889c5a322c9954607f5edcf337bc3684a75a7e"
url = "https://ziglang.org/download/0.16.0/zig-x86_64-windows-0.16.0.zip"
provenance = "minisign"
