{
  "name": "maplibre-native-ffi",
  "version": "unspecified",
  "lockfileVersion": 3,
  "requires": true,
  "packages": {
    "": {
      "name": "maplibre-native-ffi",
      "version": "unspecified",
      "workspaces": [
        "packages/maplibre-native-ffi-bindings-kotlin",
        "packages/maplibre-native-ffi-bindings-kotlin-test"
      ],
      "devDependencies": {}
    },
    "node_modules/maplibre-native-ffi-bindings-kotlin": {
      "resolved": "packages/maplibre-native-ffi-bindings-kotlin",
      "link": true
    },
    "node_modules/maplibre-native-ffi-bindings-kotlin-test": {
      "resolved": "packages/maplibre-native-ffi-bindings-kotlin-test",
      "link": true
    },
    "packages/maplibre-native-ffi-bindings-kotlin": {
      "version": "0.0.0-unspecified",
      "devDependencies": {}
    },
    "packages/maplibre-native-ffi-bindings-kotlin-test": {
      "version": "0.0.0-unspecified",
      "devDependencies": {}
    }
  }
}
